
Microsoft Visual Studio Solution File, Format Version 12.00
# Visual Studio 15
VisualStudioVersion = 15.0.27130.2027
MinimumVisualStudioVersion = 10.0.40219.1
Project("{FAE04EC0-301F-11D3-BF4B-00C04F79EFBC}") = "SurfboardQuiverConsoleApp", "SurfboardQuiverConsoleApp\SurfboardQuiverConsoleApp.csproj", "{AC57F488-BECB-4B20-8D2F-78F3140BB11E}"
EndProject
Global
	GlobalSection(SolutionConfigurationPlatforms) = preSolution
		Debug|Any CPU = Debug|Any CPU
		Release|Any CPU = Release|Any CPU
	EndGlobalSection
	GlobalSection(ProjectConfigurationPlatforms) = postSolution
		{AC57F488-BECB-4B20-8D2F-78F3140BB11E}.Debug|Any CPU.ActiveCfg = Debug|Any CPU
		{AC57F488-BECB-4B20-8D2F-78F3140BB11E}.Debug|Any CPU.Build.0 = Debug|Any CPU
		{AC57F488-BECB-4B20-8D2F-78F3140BB11E}.Release|Any CPU.ActiveCfg = Release|Any CPU
		{AC57F488-BECB-4B20-8D2F-78F3140BB11E}.Release|Any CPU.Build.0 = Release|Any CPU
	EndGlobalSection
	GlobalSection(SolutionProperties) = preSolution
		HideSolutionNode = FALSE
	EndGlobalSection
	GlobalSection(ExtensibilityGlobals) = postSolution
		SolutionGuid = {B7EF61C3-3890-4CCB-A4AC-A82A3944F22B}
	EndGlobalSection
EndGlobal
